// !$*UTF8*$!
{
	archiveVersion = 1;
	classes = {
	};
	objectVersion = 56;
	objects = {

/* Begin PBXBuildFile section */
		1D01725929F002C800DF64B3 /* AppDelegate.swift in Sources */ = {isa = PBXBuildFile; fileRef = 1D01725829F002C800DF64B3 /* AppDelegate.swift */; };
		1D01725B29F002C800DF64B3 /* SceneDelegate.swift in Sources */ = {isa = PBXBuildFile; fileRef = 1D01725A29F002C800DF64B3 /* SceneDelegate.swift */; };
		1D01725D29F002C800DF64B3 /* ViewController.swift in Sources */ = {isa = PBXBuildFile; fileRef = 1D01725C29F002C800DF64B3 /* ViewController.swift */; };
		1D01726029F002C800DF64B3 /* Main.storyboard in Resources */ = {isa = PBXBuildFile; fileRef = 1D01725E29F002C800DF64B3 /* Main.storyboard */; };
		1D01726229F002C900DF64B3 /* Assets.xcassets in Resources */ = {isa = PBXBuildFile; fileRef = 1D01726129F002C900DF64B3 /* Assets.xcassets */; };
		1D01726529F002C900DF64B3 /* LaunchScreen.storyboard in Resources */ = {isa = PBXBuildFile; fileRef = 1D01726329F002C900DF64B3 /* LaunchScreen.storyboard */; };
		1D01727029F002C900DF64B3 /* FallDetectorTests.swift in Sources */ = {isa = PBXBuildFile; fileRef = 1D01726F29F002C900DF64B3 /* FallDetectorTests.swift */; };
		1D01727A29F002C900DF64B3 /* FallDetectorUITests.swift in Sources */ = {isa = PBXBuildFile; fileRef = 1D01727929F002C900DF64B3 /* FallDetectorUITests.swift */; };
		1D01727C29F002C900DF64B3 /* FallDetectorUITestsLaunchTests.swift in Sources */ = {isa = PBXBuildFile; fileRef = 1D01727B29F002C900DF64B3 /* FallDetectorUITestsLaunchTests.swift */; };
		3E1707688B0ACAB52D09FE60 /* Pods_FallDetector_FallDetectorUITests.framework in Frameworks */ = {isa = PBXBuildFile; fileRef = 09D4EC03CB5BC1AF5D772EB2 /* Pods_FallDetector_FallDetectorUITests.framework */; };
		88B17022D270D6F2007F4747 /* Pods_FallDetector.framework in Frameworks */ = {isa = PBXBuildFile; fileRef = 0A32A64072BD8E74ED707441 /* Pods_FallDetector.framework */; };
		89502A7D68EF44A9F3800AA6 /* Pods_FallDetectorTests.framework in Frameworks */ = {isa = PBXBuildFile; fileRef = 6EBF75236BBAD097BB6E4360 /* Pods_FallDetectorTests.framework */; };
/* End PBXBuildFile section */

/* Begin PBXContainerItemProxy section */
		1D01726C29F002C900DF64B3 /* PBXContainerItemProxy */ = {
			isa = PBXContainerItemProxy;
			containerPortal = 1D01724D29F002C800DF64B3 /* Project object */;
			proxyType = 1;
			remoteGlobalIDString = 1D01725429F002C800DF64B3;
			remoteInfo = FallDetector;
		};
		1D01727629F002C900DF64B3 /* PBXContainerItemProxy */ = {
			isa = PBXContainerItemProxy;
			containerPortal = 1D01724D29F002C800DF64B3 /* Project object */;
			proxyType = 1;
			remoteGlobalIDString = 1D01725429F002C800DF64B3;
			remoteInfo = FallDetector;
		};
/* End PBXContainerItemProxy section */

/* Begin PBXFileReference section */
		09D4EC03CB5BC1AF5D772EB2 /* Pods_FallDetector_FallDetectorUITests.framework */ = {isa = PBXFileReference; explicitFileType = wrapper.framework; includeInIndex = 0; path = Pods_FallDetector_FallDetectorUITests.framework; sourceTree = BUILT_PRODUCTS_DIR; };
		0A32A64072BD8E74ED707441 /* Pods_FallDetector.framework */ = {isa = PBXFileReference; explicitFileType = wrapper.framework; includeInIndex = 0; path = Pods_FallDetector.framework; sourceTree = BUILT_PRODUCTS_DIR; };
		0F20FAACA542547D6B286020 /* Pods-FallDetector.debug.xcconfig */ = {isa = PBXFileReference; includeInIndex = 1; lastKnownFileType = text.xcconfig; name = "Pods-FallDetector.debug.xcconfig"; path = "Target Support Files/Pods-FallDetector/Pods-FallDetector.debug.xcconfig"; sourceTree = "<group>"; };
		1D01725529F002C800DF64B3 /* FallDetector.app */ = {isa = PBXFileReference; explicitFileType = wrapper.application; includeInIndex = 0; path = FallDetector.app; sourceTree = BUILT_PRODUCTS_DIR; };
		1D01725829F002C800DF64B3 /* AppDelegate.swift */ = {isa = PBXFileReference; lastKnownFileType = sourcecode.swift; path = AppDelegate.swift; sourceTree = "<group>"; };
		1D01725A29F002C800DF64B3 /* SceneDelegate.swift */ = {isa = PBXFileReference; lastKnownFileType = sourcecode.swift; path = SceneDelegate.swift; sourceTree = "<group>"; };
		1D01725C29F002C800DF64B3 /* ViewController.swift */ = {isa = PBXFileReference; lastKnownFileType = sourcecode.swift; path = ViewController.swift; sourceTree = "<group>"; };
		1D01725F29F002C800DF64B3 /* Base */ = {isa = PBXFileReference; lastKnownFileType = file.storyboard; name = Base; path = Base.lproj/Main.storyboard; sourceTree = "<group>"; };
		1D01726129F002C900DF64B3 /* Assets.xcassets */ = {isa = PBXFileReference; lastKnownFileType = folder.assetcatalog; path = Assets.xcassets; sourceTree = "<group>"; };
		1D01726429F002C900DF64B3 /* Base */ = {isa = PBXFileReference; lastKnownFileType = file.storyboard; name = Base; path = Base.lproj/LaunchScreen.storyboard; sourceTree = "<group>"; };
		1D01726629F002C900DF64B3 /* Info.plist */ = {isa = PBXFileReference; lastKnownFileType = text.plist.xml; path = Info.plist; sourceTree = "<group>"; };
		1D01726B29F002C900DF64B3 /* FallDetectorTests.xctest */ = {isa = PBXFileReference; explicitFileType = wrapper.cfbundle; includeInIndex = 0; path = FallDetectorTests.xctest; sourceTree = BUILT_PRODUCTS_DIR; };
		1D01726F29F002C900DF64B3 /* FallDetectorTests.swift */ = {isa = PBXFileReference; lastKnownFileType = sourcecode.swift; path = FallDetectorTests.swift; sourceTree = "<group>"; };
		1D01727529F002C900DF64B3 /* FallDetectorUITests.xctest */ = {isa = PBXFileReference; explicitFileType = wrapper.cfbundle; includeInIndex = 0; path = FallDetectorUITests.xctest; sourceTree = BUILT_PRODUCTS_DIR; };
		1D01727929F002C900DF64B3 /* FallDetectorUITests.swift */ = {isa = PBXFileReference; lastKnownFileType = sourcecode.swift; path = FallDetectorUITests.swift; sourceTree = "<group>"; };
		1D01727B29F002C900DF64B3 /* FallDetectorUITestsLaunchTests.swift */ = {isa = PBXFileReference; lastKnownFileType = sourcecode.swift; path = FallDetectorUITestsLaunchTests.swift; sourceTree = "<group>"; };
		3E20733161CA71B1F9D56774 /* Pods-FallDetector.release.xcconfig */ = {isa = PBXFileReference; includeInIndex = 1; lastKnownFileType = text.xcconfig; name = "Pods-FallDetector.release.xcconfig"; path = "Target Support Files/Pods-FallDetector/Pods-FallDetector.release.xcconfig"; sourceTree = "<group>"; };
		4192D681520F5A2E3111D87A /* Pods-FallDetector-FallDetectorUITests.debug.xcconfig */ = {isa = PBXFileReference; includeInIndex = 1; lastKnownFileType = text.xcconfig; name = "Pods-FallDetector-FallDetectorUITests.debug.xcconfig"; path = "Target Support Files/Pods-FallDetector-FallDetectorUITests/Pods-FallDetector-FallDetectorUITests.debug.xcconfig"; sourceTree = "<group>"; };
		65BFA3D107685CE33B82DB73 /* Pods-FallDetector-FallDetectorUITests.release.xcconfig */ = {isa = PBXFileReference; includeInIndex = 1; lastKnownFileType = text.xcconfig; name = "Pods-FallDetector-FallDetectorUITests.release.xcconfig"; path = "Target Support Files/Pods-FallDetector-FallDetectorUITests/Pods-FallDetector-FallDetectorUITests.release.xcconfig"; sourceTree = "<group>"; };
		6804D0037B100C34B078C7D4 /* Pods-FallDetectorTests.release.xcconfig */ = {isa = PBXFileReference; includeInIndex = 1; lastKnownFileType = text.xcconfig; name = "Pods-FallDetectorTests.release.xcconfig"; path = "Target Support Files/Pods-FallDetectorTests/Pods-FallDetectorTests.release.xcconfig"; sourceTree = "<group>"; };
		6EBF75236BBAD097BB6E4360 /* Pods_FallDetectorTests.framework */ = {isa = PBXFileReference; explicitFileType = wrapper.framework; includeInIndex = 0; path = Pods_FallDetectorTests.framework; sourceTree = BUILT_PRODUCTS_DIR; };
		ED41F4D73937583172A0A8DF /* Pods-FallDetectorTests.debug.xcconfig */ = {isa = PBXFileReference; includeInIndex = 1; lastKnownFileType = text.xcconfig; name = "Pods-FallDetectorTests.debug.xcconfig"; path = "Target Support Files/Pods-FallDetectorTests/Pods-FallDetectorTests.debug.xcconfig"; sourceTree = "<group>"; };
/* End PBXFileReference section */

/* Begin PBXFrameworksBuildPhase section */
		1D01725229F002C800DF64B3 /* Frameworks */ = {
			isa = PBXFrameworksBuildPhase;
			buildActionMask = 2147483647;
			files = (
				88B17022D270D6F2007F4747 /* Pods_FallDetector.framework in Frameworks */,
			);
			runOnlyForDeploymentPostprocessing = 0;
		};
		1D01726829F002C900DF64B3 /* Frameworks */ = {
			isa = PBXFrameworksBuildPhase;
			buildActionMask = 2147483647;
			files = (
				89502A7D68EF44A9F3800AA6 /* Pods_FallDetectorTests.framework in Frameworks */,
			);
			runOnlyForDeploymentPostprocessing = 0;
		};
		1D01727229F002C900DF64B3 /* Frameworks */ = {
			isa = PBXFrameworksBuildPhase;
			buildActionMask = 2147483647;
			files = (
				3E1707688B0ACAB52D09FE60 /* Pods_FallDetector_FallDetectorUITests.framework in Frameworks */,
			);
			runOnlyForDeploymentPostprocessing = 0;
		};
/* End PBXFrameworksBuildPhase section */

/* Begin PBXGroup section */
		1D01724C29F002C800DF64B3 = {
			isa = PBXGroup;
			children = (
				1D01725729F002C800DF64B3 /* FallDetector */,
				1D01726E29F002C900DF64B3 /* FallDetectorTests */,
				1D01727829F002C900DF64B3 /* FallDetectorUITests */,
				1D01725629F002C800DF64B3 /* Products */,
				7911DF94AAFC0B988295CE54 /* Pods */,
				B513CBD6CDC0AA4A7EC18F5C /* Frameworks */,
			);
			sourceTree = "<group>";
		};
		1D01725629F002C800DF64B3 /* Products */ = {
			isa = PBXGroup;
			children = (
				1D01725529F002C800DF64B3 /* FallDetector.app */,
				1D01726B29F002C900DF64B3 /* FallDetectorTests.xctest */,
				1D01727529F002C900DF64B3 /* FallDetectorUITests.xctest */,
			);
			name = Products;
			sourceTree = "<group>";
		};
		1D01725729F002C800DF64B3 /* FallDetector */ = {
			isa = PBXGroup;
			children = (
				1D01725829F002C800DF64B3 /* AppDelegate.swift */,
				1D01725A29F002C800DF64B3 /* SceneDelegate.swift */,
				1D01725C29F002C800DF64B3 /* ViewController.swift */,
				1D01725E29F002C800DF64B3 /* Main.storyboard */,
				1D01726129F002C900DF64B3 /* Assets.xcassets */,
				1D01726329F002C900DF64B3 /* LaunchScreen.storyboard */,
				1D01726629F002C900DF64B3 /* Info.plist */,
			);
			path = FallDetector;
			sourceTree = "<group>";
		};
		1D01726E29F002C900DF64B3 /* FallDetectorTests */ = {
			isa = PBXGroup;
			children = (
				1D01726F29F002C900DF64B3 /* FallDetectorTests.swift */,
			);
			path = FallDetectorTests;
			sourceTree = "<group>";
		};
		1D01727829F002C900DF64B3 /* FallDetectorUITests */ = {
			isa = PBXGroup;
			children = (
				1D01727929F002C900DF64B3 /* FallDetectorUITests.swift */,
				1D01727B29F002C900DF64B3 /* FallDetectorUITestsLaunchTests.swift */,
			);
			path = FallDetectorUITests;
			sourceTree = "<group>";
		};
		7911DF94AAFC0B988295CE54 /* Pods */ = {
			isa = PBXGroup;
			children = (
				0F20FAACA542547D6B286020 /* Pods-FallDetector.debug.xcconfig */,
				3E20733161CA71B1F9D56774 /* Pods-FallDetector.release.xcconfig */,
				4192D681520F5A2E3111D87A /* Pods-FallDetector-FallDetectorUITests.debug.xcconfig */,
				65BFA3D107685CE33B82DB73 /* Pods-FallDetector-FallDetectorUITests.release.xcconfig */,
				ED41F4D73937583172A0A8DF /* Pods-FallDetectorTests.debug.xcconfig */,
				6804D0037B100C34B078C7D4 /* Pods-FallDetectorTests.release.xcconfig */,
			);
			path = Pods;
			sourceTree = "<group>";
		};
		B513CBD6CDC0AA4A7EC18F5C /* Frameworks */ = {
			isa = PBXGroup;
			children = (
				0A32A64072BD8E74ED707441 /* Pods_FallDetector.framework */,
				09D4EC03CB5BC1AF5D772EB2 /* Pods_FallDetector_FallDetectorUITests.framework */,
				6EBF75236BBAD097BB6E4360 /* Pods_FallDetectorTests.framework */,
			);
			name = Frameworks;
			sourceTree = "<group>";
		};
/* End PBXGroup section */

/* Begin PBXNativeTarget section */
		1D01725429F002C800DF64B3 /* FallDetector */ = {
			isa = PBXNativeTarget;
			buildConfigurationList = 1D01727F29F002C900DF64B3 /* Build configuration list for PBXNativeTarget "FallDetector" */;
			buildPhases = (
				8520BF0722B82B422628FB80 /* [CP] Check Pods Manifest.lock */,
				1D01725129F002C800DF64B3 /* Sources */,
				1D01725229F002C800DF64B3 /* Frameworks */,
				1D01725329F002C800DF64B3 /* Resources */,
				F6558C3B5248ADC44F41E510 /* [CP] Embed Pods Frameworks */,
			);
			buildRules = (
			);
			dependencies = (
			);
			name = FallDetector;
			productName = FallDetector;
			productReference = 1D01725529F002C800DF64B3 /* FallDetector.app */;
			productType = "com.apple.product-type.application";
		};
		1D01726A29F002C900DF64B3 /* FallDetectorTests */ = {
			isa = PBXNativeTarget;
			buildConfigurationList = 1D01728229F002C900DF64B3 /* Build configuration list for PBXNativeTarget "FallDetectorTests" */;
			buildPhases = (
				7935136F3783C0D5B400638B /* [CP] Check Pods Manifest.lock */,
				1D01726729F002C900DF64B3 /* Sources */,
				1D01726829F002C900DF64B3 /* Frameworks */,
				1D01726929F002C900DF64B3 /* Resources */,
			);
			buildRules = (
			);
			dependencies = (
				1D01726D29F002C900DF64B3 /* PBXTargetDependency */,
			);
			name = FallDetectorTests;
			productName = FallDetectorTests;
			productReference = 1D01726B29F002C900DF64B3 /* FallDetectorTests.xctest */;
			productType = "com.apple.product-type.bundle.unit-test";
		};
		1D01727429F002C900DF64B3 /* FallDetectorUITests */ = {
			isa = PBXNativeTarget;
			buildConfigurationList = 1D01728529F002C900DF64B3 /* Build configuration list for PBXNativeTarget "FallDetectorUITests" */;
			buildPhases = (
				35D133971D7E28C132BE691E /* [CP] Check Pods Manifest.lock */,
				1D01727129F002C900DF64B3 /* Sources */,
				1D01727229F002C900DF64B3 /* Frameworks */,
				1D01727329F002C900DF64B3 /* Resources */,
				38471FF9DA89AD4B54F88923 /* [CP] Embed Pods Frameworks */,
			);
			buildRules = (
			);
			dependencies = (
				1D01727729F002C900DF64B3 /* PBXTargetDependency */,
			);
			name = FallDetectorUITests;
			productName = FallDetectorUITests;
			productReference = 1D01727529F002C900DF64B3 /* FallDetectorUITests.xctest */;
			productType = "com.apple.product-type.bundle.ui-testing";
		};
/* End PBXNativeTarget section */

/* Begin PBXProject section */
		1D01724D29F002C800DF64B3 /* Project object */ = {
			isa = PBXProject;
			attributes = {
				BuildIndependentTargetsInParallel = 1;
				LastSwiftUpdateCheck = 1420;
				LastUpgradeCheck = 1420;
				TargetAttributes = {
					1D01725429F002C800DF64B3 = {
						CreatedOnToolsVersion = 14.2;
					};
					1D01726A29F002C900DF64B3 = {
						CreatedOnToolsVersion = 14.2;
						TestTargetID = 1D01725429F002C800DF64B3;
					};
					1D01727429F002C900DF64B3 = {
						CreatedOnToolsVersion = 14.2;
						TestTargetID = 1D01725429F002C800DF64B3;
					};
				};
			};
			buildConfigurationList = 1D01725029F002C800DF64B3 /* Build configuration list for PBXProject "FallDetector" */;
			compatibilityVersion = "Xcode 14.0";
			developmentRegion = en;
			hasScannedForEncodings = 0;
			knownRegions = (
				en,
				Base,
			);
			mainGroup = 1D01724C29F002C800DF64B3;
			productRefGroup = 1D01725629F002C800DF64B3 /* Products */;
			projectDirPath = "";
			projectRoot = "";
			targets = (
				1D01725429F002C800DF64B3 /* FallDetector */,
				1D01726A29F002C900DF64B3 /* FallDetectorTests */,
				1D01727429F002C900DF64B3 /* FallDetectorUITests */,
			);
		};
/* End PBXProject section */

/* Begin PBXResourcesBuildPhase section */
		1D01725329F002C800DF64B3 /* Resources */ = {
			isa = PBXResourcesBuildPhase;
			buildActionMask = 2147483647;
			files = (
				1D01726529F002C900DF64B3 /* LaunchScreen.storyboard in Resources */,
				1D01726229F002C900DF64B3 /* Assets.xcassets in Resources */,
				1D01726029F002C800DF64B3 /* Main.storyboard in Resources */,
			);
			runOnlyForDeploymentPostprocessing = 0;
		};
		1D01726929F002C900DF64B3 /* Resources */ = {
			isa = PBXResourcesBuildPhase;
			buildActionMask = 2147483647;
			files = (
			);
			runOnlyForDeploymentPostprocessing = 0;
		};
		1D01727329F002C900DF64B3 /* Resources */ = {
			isa = PBXResourcesBuildPhase;
			buildActionMask = 2147483647;
			files = (
			);
			runOnlyForDeploymentPostprocessing = 0;
		};
/* End PBXResourcesBuildPhase section */

/* Begin PBXShellScriptBuildPhase section */
		35D133971D7E28C132BE691E /* [CP] Check Pods Manifest.lock */ = {
			isa = PBXShellScriptBuildPhase;
			buildActionMask = 2147483647;
			files = (
			);
			inputFileListPaths = (
			);
			inputPaths = (
				"${PODS_PODFILE_DIR_PATH}/Podfile.lock",
				"${PODS_ROOT}/Manifest.lock",
			);
			name = "[CP] Check Pods Manifest.lock";
			outputFileListPaths = (
			);
			outputPaths = (
				"$(DERIVED_FILE_DIR)/Pods-FallDetector-FallDetectorUITests-checkManifestLockResult.txt",
			);
			runOnlyForDeploymentPostprocessing = 0;
			shellPath = /bin/sh;
			shellScript = "diff \"${PODS_PODFILE_DIR_PATH}/Podfile.lock\" \"${PODS_ROOT}/Manifest.lock\" > /dev/null\nif [ $? != 0 ] ; then\n    # print error to STDERR\n    echo \"error: The sandbox is not in sync with the Podfile.lock. Run 'pod install' or update your CocoaPods installation.\" >&2\n    exit 1\nfi\n# This output is used by Xcode 'outputs' to avoid re-running this script phase.\necho \"SUCCESS\" > \"${SCRIPT_OUTPUT_FILE_0}\"\n";
			showEnvVarsInLog = 0;
		};
		38471FF9DA89AD4B54F88923 /* [CP] Embed Pods Frameworks */ = {
			isa = PBXShellScriptBuildPhase;
			buildActionMask = 2147483647;
			files = (
			);
			inputFileListPaths = (
				"${PODS_ROOT}/Target Support Files/Pods-FallDetector-FallDetectorUITests/Pods-FallDetector-FallDetectorUITests-frameworks-${CONFIGURATION}-input-files.xcfilelist",
			);
			name = "[CP] Embed Pods Frameworks";
			outputFileListPaths = (
				"${PODS_ROOT}/Target Support Files/Pods-FallDetector-FallDetectorUITests/Pods-FallDetector-FallDetectorUITests-frameworks-${CONFIGURATION}-output-files.xcfilelist",
			);
			runOnlyForDeploymentPostprocessing = 0;
			shellPath = /bin/sh;
			shellScript = "\"${PODS_ROOT}/Target Support Files/Pods-FallDetector-FallDetectorUITests/Pods-FallDetector-FallDetectorUITests-frameworks.sh\"\n";
			showEnvVarsInLog = 0;
		};
		7935136F3783C0D5B400638B /* [CP] Check Pods Manifest.lock */ = {
			isa = PBXShellScriptBuildPhase;
			buildActionMask = 2147483647;
			files = (
			);
			inputFileListPaths = (
			);
			inputPaths = (
				"${PODS_PODFILE_DIR_PATH}/Podfile.lock",
				"${PODS_ROOT}/Manifest.lock",
			);
			name = "[CP] Check Pods Manifest.lock";
			outputFileListPaths = (
			);
			outputPaths = (
				"$(DERIVED_FILE_DIR)/Pods-FallDetectorTests-checkManifestLockResult.txt",
			);
			runOnlyForDeploymentPostprocessing = 0;
			shellPath = /bin/sh;
			shellScript = "diff \"${PODS_PODFILE_DIR_PATH}/Podfile.lock\" \"${PODS_ROOT}/Manifest.lock\" > /dev/null\nif [ $? != 0 ] ; then\n    # print error to STDERR\n    echo \"error: The sandbox is not in sync with the Podfile.lock. Run 'pod install' or update your CocoaPods installation.\" >&2\n    exit 1\nfi\n# This output is used by Xcode 'outputs' to avoid re-running this script phase.\necho \"SUCCESS\" > \"${SCRIPT_OUTPUT_FILE_0}\"\n";
			showEnvVarsInLog = 0;
		};
		8520BF0722B82B422628FB80 /* [CP] Check Pods Manifest.lock */ = {
			isa = PBXShellScriptBuildPhase;
			buildActionMask = 2147483647;
			files = (
			);
			inputFileListPaths = (
			);
			inputPaths = (
				"${PODS_PODFILE_DIR_PATH}/Podfile.lock",
				"${PODS_ROOT}/Manifest.lock",
			);
			name = "[CP] Check Pods Manifest.lock";
			outputFileListPaths = (
			);
			outputPaths = (
				"$(DERIVED_FILE_DIR)/Pods-FallDetector-checkManifestLockResult.txt",
			);
			runOnlyForDeploymentPostprocessing = 0;
			shellPath = /bin/sh;
			shellScript = "diff \"${PODS_PODFILE_DIR_PATH}/Podfile.lock\" \"${PODS_ROOT}/Manifest.lock\" > /dev/null\nif [ $? != 0 ] ; then\n    # print error to STDERR\n    echo \"error: The sandbox is not in sync with the Podfile.lock. Run 'pod install' or update your CocoaPods installation.\" >&2\n    exit 1\nfi\n# This output is used by Xcode 'outputs' to avoid re-running this script phase.\necho \"SUCCESS\" > \"${SCRIPT_OUTPUT_FILE_0}\"\n";
			showEnvVarsInLog = 0;
		};
		F6558C3B5248ADC44F41E510 /* [CP] Embed Pods Frameworks */ = {
			isa = PBXShellScriptBuildPhase;
			buildActionMask = 2147483647;
			files = (
			);
			inputFileListPaths = (
				"${PODS_ROOT}/Target Support Files/Pods-FallDetector/Pods-FallDetector-frameworks-${CONFIGURATION}-input-files.xcfilelist",
			);
			name = "[CP] Embed Pods Frameworks";
			outputFileListPaths = (
				"${PODS_ROOT}/Target Support Files/Pods-FallDetector/Pods-FallDetector-frameworks-${CONFIGURATION}-output-files.xcfilelist",
			);
			runOnlyForDeploymentPostprocessing = 0;
			shellPath = /bin/sh;
			shellScript = "\"${PODS_ROOT}/Target Support Files/Pods-FallDetector/Pods-FallDetector-frameworks.sh\"\n";
			showEnvVarsInLog = 0;
		};
/* End PBXShellScriptBuildPhase section */

/* Begin PBXSourcesBuildPhase section */
		1D01725129F002C800DF64B3 /* Sources */ = {
			isa = PBXSourcesBuildPhase;
			buildActionMask = 2147483647;
			files = (
				1D01725D29F002C800DF64B3 /* ViewController.swift in Sources */,
				1D01725929F002C800DF64B3 /* AppDelegate.swift in Sources */,
				1D01725B29F002C800DF64B3 /* SceneDelegate.swift in Sources */,
			);
			runOnlyForDeploymentPostprocessing = 0;
		};
		1D01726729F002C900DF64B3 /* Sources */ = {
			isa = PBXSourcesBuildPhase;
			buildActionMask = 2147483647;
			files = (
				1D01727029F002C900DF64B3 /* FallDetectorTests.swift in Sources */,
			);
			runOnlyForDeploymentPostprocessing = 0;
		};
		1D01727129F002C900DF64B3 /* Sources */ = {
			isa = PBXSourcesBuildPhase;
			buildActionMask = 2147483647;
			files = (
				1D01727A29F002C900DF64B3 /* FallDetectorUITests.swift in Sources */,
				1D01727C29F002C900DF64B3 /* FallDetectorUITestsLaunchTests.swift in Sources */,
			);
			runOnlyForDeploymentPostprocessing = 0;
		};
/* End PBXSourcesBuildPhase section */

/* Begin PBXTargetDependency section */
		1D01726D29F002C900DF64B3 /* PBXTargetDependency */ = {
			isa = PBXTargetDependency;
			target = 1D01725429F002C800DF64B3 /* FallDetector */;
			targetProxy = 1D01726C29F002C900DF64B3 /* PBXContainerItemProxy */;
		};
		1D01727729F002C900DF64B3 /* PBXTargetDependency */ = {
			isa = PBXTargetDependency;
			target = 1D01725429F002C800DF64B3 /* FallDetector */;
			targetProxy = 1D01727629F002C900DF64B3 /* PBXContainerItemProxy */;
		};
/* End PBXTargetDependency section */

/* Begin PBXVariantGroup section */
		1D01725E29F002C800DF64B3 /* Main.storyboard */ = {
			isa = PBXVariantGroup;
			children = (
				1D01725F29F002C800DF64B3 /* Base */,
			);
			name = Main.storyboard;
			sourceTree = "<group>";
		};
		1D01726329F002C900DF64B3 /* LaunchScreen.storyboard */ = {
			isa = PBXVariantGroup;
			children = (
				1D01726429F002C900DF64B3 /* Base */,
			);
			name = LaunchScreen.storyboard;
			sourceTree = "<group>";
		};
/* End PBXVariantGroup section */

/* Begin XCBuildConfiguration section */
		1D01727D29F002C900DF64B3 /* Debug */ = {
			isa = XCBuildConfiguration;
			buildSettings = {
				ALWAYS_SEARCH_USER_PATHS = NO;
				CLANG_ANALYZER_NONNULL = YES;
				CLANG_ANALYZER_NUMBER_OBJECT_CONVERSION = YES_AGGRESSIVE;
				CLANG_CXX_LANGUAGE_STANDARD = "gnu++20";
				CLANG_ENABLE_MODULES = YES;
				CLANG_ENABLE_OBJC_ARC = YES;
				CLANG_ENABLE_OBJC_WEAK = YES;
				CLANG_WARN_BLOCK_CAPTURE_AUTORELEASING = YES;
				CLANG_WARN_BOOL_CONVERSION = YES;
				CLANG_WARN_COMMA = YES;
				CLANG_WARN_CONSTANT_CONVERSION = YES;
				CLANG_WARN_DEPRECATED_OBJC_IMPLEMENTATIONS = YES;
				CLANG_WARN_DIRECT_OBJC_ISA_USAGE = YES_ERROR;
				CLANG_WARN_DOCUMENTATION_COMMENTS = YES;
				CLANG_WARN_EMPTY_BODY = YES;
				CLANG_WARN_ENUM_CONVERSION = YES;
				CLANG_WARN_INFINITE_RECURSION = YES;
				CLANG_WARN_INT_CONVERSION = YES;
				CLANG_WARN_NON_LITERAL_NULL_CONVERSION = YES;
				CLANG_WARN_OBJC_IMPLICIT_RETAIN_SELF = YES;
				CLANG_WARN_OBJC_LITERAL_CONVERSION = YES;
				CLANG_WARN_OBJC_ROOT_CLASS = YES_ERROR;
				CLANG_WARN_QUOTED_INCLUDE_IN_FRAMEWORK_HEADER = YES;
				CLANG_WARN_RANGE_LOOP_ANALYSIS = YES;
				CLANG_WARN_STRICT_PROTOTYPES = YES;
				CLANG_WARN_SUSPICIOUS_MOVE = YES;
				CLANG_WARN_UNGUARDED_AVAILABILITY = YES_AGGRESSIVE;
				CLANG_WARN_UNREACHABLE_CODE = YES;
				CLANG_WARN__DUPLICATE_METHOD_MATCH = YES;
				COPY_PHASE_STRIP = NO;
				DEBUG_INFORMATION_FORMAT = dwarf;
				ENABLE_STRICT_OBJC_MSGSEND = YES;
				ENABLE_TESTABILITY = YES;
				GCC_C_LANGUAGE_STANDARD = gnu11;
				GCC_DYNAMIC_NO_PIC = NO;
				GCC_NO_COMMON_BLOCKS = YES;
				GCC_OPTIMIZATION_LEVEL = 0;
				GCC_PREPROCESSOR_DEFINITIONS = (
					"DEBUG=1",
					"$(inherited)",
				);
				GCC_WARN_64_TO_32_BIT_CONVERSION = YES;
				GCC_WARN_ABOUT_RETURN_TYPE = YES_ERROR;
				GCC_WARN_UNDECLARED_SELECTOR = YES;
				GCC_WARN_UNINITIALIZED_AUTOS = YES_AGGRESSIVE;
				GCC_WARN_UNUSED_FUNCTION = YES;
				GCC_WARN_UNUSED_VARIABLE = YES;
				IPHONEOS_DEPLOYMENT_TARGET = 16.2;
				MTL_ENABLE_DEBUG_INFO = INCLUDE_SOURCE;
				MTL_FAST_MATH = YES;
				ONLY_ACTIVE_ARCH = YES;
				SDKROOT = iphoneos;
				SWIFT_ACTIVE_COMPILATION_CONDITIONS = DEBUG;
				SWIFT_OPTIMIZATION_LEVEL = "-Onone";
			};
			name = Debug;
		};
		1D01727E29F002C900DF64B3 /* Release */ = {
			isa = XCBuildConfiguration;
			buildSettings = {
				ALWAYS_SEARCH_USER_PATHS = NO;
				CLANG_ANALYZER_NONNULL = YES;
				CLANG_ANALYZER_NUMBER_OBJECT_CONVERSION = YES_AGGRESSIVE;
				CLANG_CXX_LANGUAGE_STANDARD = "gnu++20";
				CLANG_ENABLE_MODULES = YES;
				CLANG_ENABLE_OBJC_ARC = YES;
				CLANG_ENABLE_OBJC_WEAK = YES;
				CLANG_WARN_BLOCK_CAPTURE_AUTORELEASING = YES;
				CLANG_WARN_BOOL_CONVERSION = YES;
				CLANG_WARN_COMMA = YES;
				CLANG_WARN_CONSTANT_CONVERSION = YES;
				CLANG_WARN_DEPRECATED_OBJC_IMPLEMENTATIONS = YES;
				CLANG_WARN_DIRECT_OBJC_ISA_USAGE = YES_ERROR;
				CLANG_WARN_DOCUMENTATION_COMMENTS = YES;
				CLANG_WARN_EMPTY_BODY = YES;
				CLANG_WARN_ENUM_CONVERSION = YES;
				CLANG_WARN_INFINITE_RECURSION = YES;
				CLANG_WARN_INT_CONVERSION = YES;
				CLANG_WARN_NON_LITERAL_NULL_CONVERSION = YES;
				CLANG_WARN_OBJC_IMPLICIT_RETAIN_SELF = YES;
				CLANG_WARN_OBJC_LITERAL_CONVERSION = YES;
				CLANG_WARN_OBJC_ROOT_CLASS = YES_ERROR;
				CLANG_WARN_QUOTED_INCLUDE_IN_FRAMEWORK_HEADER = YES;
				CLANG_WARN_RANGE_LOOP_ANALYSIS = YES;
				CLANG_WARN_STRICT_PROTOTYPES = YES;
				CLANG_WARN_SUSPICIOUS_MOVE = YES;
				CLANG_WARN_UNGUARDED_AVAILABILITY = YES_AGGRESSIVE;
				CLANG_WARN_UNREACHABLE_CODE = YES;
				CLANG_WARN__DUPLICATE_METHOD_MATCH = YES;
				COPY_PHASE_STRIP = NO;
				DEBUG_INFORMATION_FORMAT = "dwarf-with-dsym";
				ENABLE_NS_ASSERTIONS = NO;
				ENABLE_STRICT_OBJC_MSGSEND = YES;
				GCC_C_LANGUAGE_STANDARD = gnu11;
				GCC_NO_COMMON_BLOCKS = YES;
				GCC_WARN_64_TO_32_BIT_CONVERSION = YES;
				GCC_WARN_ABOUT_RETURN_TYPE = YES_ERROR;
				GCC_WARN_UNDECLARED_SELECTOR = YES;
				GCC_WARN_UNINITIALIZED_AUTOS = YES_AGGRESSIVE;
				GCC_WARN_UNUSED_FUNCTION = YES;
				GCC_WARN_UNUSED_VARIABLE = YES;
				IPHONEOS_DEPLOYMENT_TARGET = 16.2;
				MTL_ENABLE_DEBUG_INFO = NO;
				MTL_FAST_MATH = YES;
				SDKROOT = iphoneos;
				SWIFT_COMPILATION_MODE = wholemodule;
				SWIFT_OPTIMIZATION_LEVEL = "-O";
				VALIDATE_PRODUCT = YES;
			};
			name = Release;
		};
		1D01728029F002C900DF64B3 /* Debug */ = {
			isa = XCBuildConfiguration;
			baseConfigurationReference = 0F20FAACA542547D6B286020 /* Pods-FallDetector.debug.xcconfig */;
			buildSettings = {
				ASSETCATALOG_COMPILER_APPICON_NAME = AppIcon;
				ASSETCATALOG_COMPILER_GLOBAL_ACCENT_COLOR_NAME = AccentColor;
				CODE_SIGN_STYLE = Automatic;
				CURRENT_PROJECT_VERSION = 1;
				DEVELOPMENT_TEAM = Y98EGXRXN9;
				GENERATE_INFOPLIST_FILE = YES;
				INFOPLIST_FILE = FallDetector/Info.plist;
				INFOPLIST_KEY_UIApplicationSupportsIndirectInputEvents = YES;
				INFOPLIST_KEY_UILaunchStoryboardName = LaunchScreen;
				INFOPLIST_KEY_UIMainStoryboardFile = Main;
				INFOPLIST_KEY_UISupportedInterfaceOrientations = "UIInterfaceOrientationLandscapeLeft UIInterfaceOrientationLandscapeRight UIInterfaceOrientationPortrait";
				INFOPLIST_KEY_UISupportedInterfaceOrientations_iPad = UIInterfaceOrientationPortrait;
				LD_RUNPATH_SEARCH_PATHS = (
					"$(inherited)",
					"@executable_path/Frameworks",
				);
				MARKETING_VERSION = 1.0;
				PRODUCT_BUNDLE_IDENTIFIER = com.euclidsoftware.FallDetector;
				PRODUCT_NAME = "$(TARGET_NAME)";
				SWIFT_EMIT_LOC_STRINGS = YES;
				SWIFT_VERSION = 5.0;
				TARGETED_DEVICE_FAMILY = "1,2";
			};
			name = Debug;
		};
		1D01728129F002C900DF64B3 /* Release */ = {
			isa = XCBuildConfiguration;
			baseConfigurationReference = 3E20733161CA71B1F9D56774 /* Pods-FallDetector.release.xcconfig */;
			buildSettings = {
				ASSETCATALOG_COMPILER_APPICON_NAME = AppIcon;
				ASSETCATALOG_COMPILER_GLOBAL_ACCENT_COLOR_NAME = AccentColor;
				CODE_SIGN_STYLE = Automatic;
				CURRENT_PROJECT_VERSION = 1;
				DEVELOPMENT_TEAM = Y98EGXRXN9;
				GENERATE_INFOPLIST_FILE = YES;
				INFOPLIST_FILE = FallDetector/Info.plist;
				INFOPLIST_KEY_UIApplicationSupportsIndirectInputEvents = YES;
				INFOPLIST_KEY_UILaunchStoryboardName = LaunchScreen;
				INFOPLIST_KEY_UIMainStoryboardFile = Main;
				INFOPLIST_KEY_UISupportedInterfaceOrientations = "UIInterfaceOrientationLandscapeLeft UIInterfaceOrientationLandscapeRight UIInterfaceOrientationPortrait";
				INFOPLIST_KEY_UISupportedInterfaceOrientations_iPad = UIInterfaceOrientationPortrait;
				LD_RUNPATH_SEARCH_PATHS = (
					"$(inherited)",
					"@executable_path/Frameworks",
				);
				MARKETING_VERSION = 1.0;
				PRODUCT_BUNDLE_IDENTIFIER = com.euclidsoftware.FallDetector;
				PRODUCT_NAME = "$(TARGET_NAME)";
				SWIFT_EMIT_LOC_STRINGS = YES;
				SWIFT_VERSION = 5.0;
				TARGETED_DEVICE_FAMILY = "1,2";
			};
			name = Release;
		};
		1D01728329F002C900DF64B3 /* Debug */ = {
			isa = XCBuildConfiguration;
			baseConfigurationReference = ED41F4D73937583172A0A8DF /* Pods-FallDetectorTests.debug.xcconfig */;
			buildSettings = {
				ALWAYS_EMBED_SWIFT_STANDARD_LIBRARIES = YES;
				BUNDLE_LOADER = "$(TEST_HOST)";
				CODE_SIGN_STYLE = Automatic;
				CURRENT_PROJECT_VERSION = 1;
				DEVELOPMENT_TEAM = Y98EGXRXN9;
				GENERATE_INFOPLIST_FILE = YES;
				IPHONEOS_DEPLOYMENT_TARGET = 16.2;
				MARKETING_VERSION = 1.0;
				PRODUCT_BUNDLE_IDENTIFIER = com.euclidsoftware.FallDetectorTests;
				PRODUCT_NAME = "$(TARGET_NAME)";
				SWIFT_EMIT_LOC_STRINGS = NO;
				SWIFT_VERSION = 5.0;
				TARGETED_DEVICE_FAMILY = "1,2";
				TEST_HOST = "$(BUILT_PRODUCTS_DIR)/FallDetector.app/$(BUNDLE_EXECUTABLE_FOLDER_PATH)/FallDetector";
			};
			name = Debug;
		};
		1D01728429F002C900DF64B3 /* Release */ = {
			isa = XCBuildConfiguration;
			baseConfigurationReference = 6804D0037B100C34B078C7D4 /* Pods-FallDetectorTests.release.xcconfig */;
			buildSettings = {
				ALWAYS_EMBED_SWIFT_STANDARD_LIBRARIES = YES;
				BUNDLE_LOADER = "$(TEST_HOST)";
				CODE_SIGN_STYLE = Automatic;
				CURRENT_PROJECT_VERSION = 1;
				DEVELOPMENT_TEAM = Y98EGXRXN9;
				GENERATE_INFOPLIST_FILE = YES;
				IPHONEOS_DEPLOYMENT_TARGET = 16.2;
				MARKETING_VERSION = 1.0;
				PRODUCT_BUNDLE_IDENTIFIER = com.euclidsoftware.FallDetectorTests;
				PRODUCT_NAME = "$(TARGET_NAME)";
				SWIFT_EMIT_LOC_STRINGS = NO;
				SWIFT_VERSION = 5.0;
				TARGETED_DEVICE_FAMILY = "1,2";
				TEST_HOST = "$(BUILT_PRODUCTS_DIR)/FallDetector.app/$(BUNDLE_EXECUTABLE_FOLDER_PATH)/FallDetector";
			};
			name = Release;
		};
		1D01728629F002C900DF64B3 /* Debug */ = {
			isa = XCBuildConfiguration;
			baseConfigurationReference = 4192D681520F5A2E3111D87A /* Pods-FallDetector-FallDetectorUITests.debug.xcconfig */;
			buildSettings = {
				ALWAYS_EMBED_SWIFT_STANDARD_LIBRARIES = YES;
				CODE_SIGN_STYLE = Automatic;
				CURRENT_PROJECT_VERSION = 1;
				DEVELOPMENT_TEAM = Y98EGXRXN9;
				GENERATE_INFOPLIST_FILE = YES;
				MARKETING_VERSION = 1.0;
				PRODUCT_BUNDLE_IDENTIFIER = com.euclidsoftware.FallDetectorUITests;
				PRODUCT_NAME = "$(TARGET_NAME)";
				SWIFT_EMIT_LOC_STRINGS = NO;
				SWIFT_VERSION = 5.0;
				TARGETED_DEVICE_FAMILY = "1,2";
				TEST_TARGET_NAME = FallDetector;
			};
			name = Debug;
		};
		1D01728729F002C900DF64B3 /* Release */ = {
			isa = XCBuildConfiguration;
			baseConfigurationReference = 65BFA3D107685CE33B82DB73 /* Pods-FallDetector-FallDetectorUITests.release.xcconfig */;
			buildSettings = {
				ALWAYS_EMBED_SWIFT_STANDARD_LIBRARIES = YES;
				CODE_SIGN_STYLE = Automatic;
				CURRENT_PROJECT_VERSION = 1;
				DEVELOPMENT_TEAM = Y98EGXRXN9;
				GENERATE_INFOPLIST_FILE = YES;
				MARKETING_VERSION = 1.0;
				PRODUCT_BUNDLE_IDENTIFIER = com.euclidsoftware.FallDetectorUITests;
				PRODUCT_NAME = "$(TARGET_NAME)";
				SWIFT_EMIT_LOC_STRINGS = NO;
				SWIFT_VERSION = 5.0;
				TARGETED_DEVICE_FAMILY = "1,2";
				TEST_TARGET_NAME = FallDetector;
			};
			name = Release;
		};
/* End XCBuildConfiguration section */

/* Begin XCConfigurationList section */
		1D01725029F002C800DF64B3 /* Build configuration list for PBXProject "FallDetector" */ = {
			isa = XCConfigurationList;
			buildConfigurations = (
				1D01727D29F002C900DF64B3 /* Debug */,
				1D01727E29F002C900DF64B3 /* Release */,
			);
			defaultConfigurationIsVisible = 0;
			defaultConfigurationName = Release;
		};
		1D01727F29F002C900DF64B3 /* Build configuration list for PBXNativeTarget "FallDetector" */ = {
			isa = XCConfigurationList;
			buildConfigurations = (
				1D01728029F002C900DF64B3 /* Debug */,
				1D01728129F002C900DF64B3 /* Release */,
			);
			defaultConfigurationIsVisible = 0;
			defaultConfigurationName = Release;
		};
		1D01728229F002C900DF64B3 /* Build configuration list for PBXNativeTarget "FallDetectorTests" */ = {
			isa = XCConfigurationList;
			buildConfigurations = (
				1D01728329F002C900DF64B3 /* Debug */,
				1D01728429F002C900DF64B3 /* Release */,
			);
			defaultConfigurationIsVisible = 0;
			defaultConfigurationName = Release;
		};
		1D01728529F002C900DF64B3 /* Build configuration list for PBXNativeTarget "FallDetectorUITests" */ = {
			isa = XCConfigurationList;
			buildConfigurations = (
				1D01728629F002C900DF64B3 /* Debug */,
				1D01728729F002C900DF64B3 /* Release */,
			);
			defaultConfigurationIsVisible = 0;
			defaultConfigurationName = Release;
		};
/* End XCConfigurationList section */
	};
	rootObject = 1D01724D29F002C800DF64B3 /* Project object */;
}
